{
    "_meta": {
        "hash": {
            "sha256": "1aec38a459ff61a002bd3e42428be21b37c6d4d418efe804fbadd9e2f0c1316b"
        },
        "pipfile-spec": 6,
        "requires": {
            "python_version": "3.9"
        },
        "sources": [
            {
                "name": "pypi",
                "url": "https://pypi.org/simple",
                "verify_ssl": true
            }
        ]
    },
    "default": {
        "pyinputplus": {
            "hashes": [
                "sha256:3a86b03dc6d003fec7dc627ad175cacaaf6e14a6a3b13b34c8fe6f5d01506231"
            ],
            "index": "pypi",
            "version": "==0.2.12"
        },
        "pysimplevalidate": {
            "hashes": [
                "sha256:645d24bdca17ad4c40658f3aa0bd5c1aa1688ba0c02ba75c5ed2cb3b8abaaa19"
            ],
            "version": "==0.2.12"
        },
        "stdiomask": {
            "hashes": [
                "sha256:c1e47069ead9e10bda150a26f7922ca01d2adc503042a9d7acf64877a2b9a3a6"
            ],
            "version": "==0.0.6"
        },
        "tabulate": {
            "hashes": [
                "sha256:d7c013fe7abbc5e491394e10fa845f8f32fe54f8dc60c6622c6cf482d25d47e4",
                "sha256:eb1d13f25760052e8931f2ef80aaf6045a6cceb47514db8beab24cded16f13a7"
            ],
            "index": "pypi",
            "version": "==0.8.9"
        },
        "termcolor": {
            "hashes": [
                "sha256:1d6d69ce66211143803fbc56652b41d73b4a400a2891d7bf7a1cdf4c02de613b"
            ],
            "index": "pypi",
            "version": "==1.1.0"
        }
    },
    "develop": {}
}
